
Microsoft Visual Studio Solution File, Format Version 12.00
# Visual Studio 15
VisualStudioVersion = 15.0.27130.2010
MinimumVisualStudioVersion = 10.0.40219.1
Project("{FAE04EC0-301F-11D3-BF4B-00C04F79EFBC}") = "PropertyMatcherLibrary", "PropertyMatcher\PropertyMatcherLibrary.csproj", "{944DB545-AAF3-4A68-A718-98D52AB77F7B}"
EndProject
Project("{FAE04EC0-301F-11D3-BF4B-00C04F79EFBC}") = "PropertyMatcherLibrary.Tests", "PropertyMatcherTests\PropertyMatcherLibrary.Tests.csproj", "{74D647B4-8218-4A83-9CC6-48A8454A397B}"
EndProject
Global
	GlobalSection(SolutionConfigurationPlatforms) = preSolution
		Debug|Any CPU = Debug|Any CPU
		Release|Any CPU = Release|Any CPU
	EndGlobalSection
	GlobalSection(ProjectConfigurationPlatforms) = postSolution
		{944DB545-AAF3-4A68-A718-98D52AB77F7B}.Debug|Any CPU.ActiveCfg = Debug|Any CPU
		{944DB545-AAF3-4A68-A718-98D52AB77F7B}.Debug|Any CPU.Build.0 = Debug|Any CPU
		{944DB545-AAF3-4A68-A718-98D52AB77F7B}.Release|Any CPU.ActiveCfg = Release|Any CPU
		{944DB545-AAF3-4A68-A718-98D52AB77F7B}.Release|Any CPU.Build.0 = Release|Any CPU
		{74D647B4-8218-4A83-9CC6-48A8454A397B}.Debug|Any CPU.ActiveCfg = Debug|Any CPU
		{74D647B4-8218-4A83-9CC6-48A8454A397B}.Debug|Any CPU.Build.0 = Debug|Any CPU
		{74D647B4-8218-4A83-9CC6-48A8454A397B}.Release|Any CPU.ActiveCfg = Release|Any CPU
		{74D647B4-8218-4A83-9CC6-48A8454A397B}.Release|Any CPU.Build.0 = Release|Any CPU
	EndGlobalSection
	GlobalSection(SolutionProperties) = preSolution
		HideSolutionNode = FALSE
	EndGlobalSection
	GlobalSection(ExtensibilityGlobals) = postSolution
		SolutionGuid = {83BA0A20-2F70-44B3-A08E-8E848D3C8587}
	EndGlobalSection
EndGlobal
